// !$*UTF8*$!
{
	archiveVersion = 1;
	classes = {
	};
	objectVersion = 50;
	objects = {

/* Begin PBXBuildFile section */
		9E4B04CE25A739D20071C1C3 /* paydeyApp.swift in Sources */ = {isa = PBXBuildFile; fileRef = 9E4B04BB25A739D10071C1C3 /* paydeyApp.swift */; };
		9E4B04CF25A739D20071C1C3 /* paydeyApp.swift in Sources */ = {isa = PBXBuildFile; fileRef = 9E4B04BB25A739D10071C1C3 /* paydeyApp.swift */; };
		9E4B04D025A739D20071C1C3 /* IndexPage.swift in Sources */ = {isa = PBXBuildFile; fileRef = 9E4B04BC25A739D10071C1C3 /* IndexPage.swift */; };
		9E4B04D125A739D20071C1C3 /* IndexPage.swift in Sources */ = {isa = PBXBuildFile; fileRef = 9E4B04BC25A739D10071C1C3 /* IndexPage.swift */; };
		9E4B04D225A739D20071C1C3 /* Assets.xcassets in Resources */ = {isa = PBXBuildFile; fileRef = 9E4B04BD25A739D20071C1C3 /* Assets.xcassets */; };
		9E4B04D325A739D20071C1C3 /* Assets.xcassets in Resources */ = {isa = PBXBuildFile; fileRef = 9E4B04BD25A739D20071C1C3 /* Assets.xcassets */; };
		9E4B04E025A73B900071C1C3 /* Color.Ext.swift in Sources */ = {isa = PBXBuildFile; fileRef = 9E4B04DF25A73B900071C1C3 /* Color.Ext.swift */; };
		9E4B04F125A768D40071C1C3 /* SplashScreen.swift in Sources */ = {isa = PBXBuildFile; fileRef = 9E4B04F025A768D40071C1C3 /* SplashScreen.swift */; };
		9E4B04F625A76C000071C1C3 /* FloatingBottomNav.swift in Sources */ = {isa = PBXBuildFile; fileRef = 9E4B04F525A76C000071C1C3 /* FloatingBottomNav.swift */; };
		9E4B04FC25A773F90071C1C3 /* LandingPage.swift in Sources */ = {isa = PBXBuildFile; fileRef = 9E4B04FB25A773F90071C1C3 /* LandingPage.swift */; };
		9E4B050025A7754D0071C1C3 /* TransparentCard.swift in Sources */ = {isa = PBXBuildFile; fileRef = 9E4B04FF25A7754D0071C1C3 /* TransparentCard.swift */; };
		9E4B050425A776E90071C1C3 /* InvoiceRecordCard.swift in Sources */ = {isa = PBXBuildFile; fileRef = 9E4B050325A776E90071C1C3 /* InvoiceRecordCard.swift */; };
		9E4B050825A77A8A0071C1C3 /* InvoiceListDisplay.swift in Sources */ = {isa = PBXBuildFile; fileRef = 9E4B050725A77A8A0071C1C3 /* InvoiceListDisplay.swift */; };
/* End PBXBuildFile section */

/* Begin PBXFileReference section */
		9E4B04BB25A739D10071C1C3 /* paydeyApp.swift */ = {isa = PBXFileReference; lastKnownFileType = sourcecode.swift; path = paydeyApp.swift; sourceTree = "<group>"; };
		9E4B04BC25A739D10071C1C3 /* IndexPage.swift */ = {isa = PBXFileReference; lastKnownFileType = sourcecode.swift; path = IndexPage.swift; sourceTree = "<group>"; };
		9E4B04BD25A739D20071C1C3 /* Assets.xcassets */ = {isa = PBXFileReference; lastKnownFileType = folder.assetcatalog; path = Assets.xcassets; sourceTree = "<group>"; };
		9E4B04C225A739D20071C1C3 /* paydey.app */ = {isa = PBXFileReference; explicitFileType = wrapper.application; includeInIndex = 0; path = paydey.app; sourceTree = BUILT_PRODUCTS_DIR; };
		9E4B04C525A739D20071C1C3 /* Info.plist */ = {isa = PBXFileReference; lastKnownFileType = text.plist.xml; path = Info.plist; sourceTree = "<group>"; };
		9E4B04CA25A739D20071C1C3 /* paydey.app */ = {isa = PBXFileReference; explicitFileType = wrapper.application; includeInIndex = 0; path = paydey.app; sourceTree = BUILT_PRODUCTS_DIR; };
		9E4B04CC25A739D20071C1C3 /* Info.plist */ = {isa = PBXFileReference; lastKnownFileType = text.plist.xml; path = Info.plist; sourceTree = "<group>"; };
		9E4B04CD25A739D20071C1C3 /* macOS.entitlements */ = {isa = PBXFileReference; lastKnownFileType = text.plist.entitlements; path = macOS.entitlements; sourceTree = "<group>"; };
		9E4B04DF25A73B900071C1C3 /* Color.Ext.swift */ = {isa = PBXFileReference; lastKnownFileType = sourcecode.swift; path = Color.Ext.swift; sourceTree = "<group>"; };
		9E4B04F025A768D40071C1C3 /* SplashScreen.swift */ = {isa = PBXFileReference; lastKnownFileType = sourcecode.swift; path = SplashScreen.swift; sourceTree = "<group>"; };
		9E4B04F525A76C000071C1C3 /* FloatingBottomNav.swift */ = {isa = PBXFileReference; lastKnownFileType = sourcecode.swift; path = FloatingBottomNav.swift; sourceTree = "<group>"; };
		9E4B04FB25A773F90071C1C3 /* LandingPage.swift */ = {isa = PBXFileReference; lastKnownFileType = sourcecode.swift; path = LandingPage.swift; sourceTree = "<group>"; };
		9E4B04FF25A7754D0071C1C3 /* TransparentCard.swift */ = {isa = PBXFileReference; lastKnownFileType = sourcecode.swift; path = TransparentCard.swift; sourceTree = "<group>"; };
		9E4B050325A776E90071C1C3 /* InvoiceRecordCard.swift */ = {isa = PBXFileReference; lastKnownFileType = sourcecode.swift; path = InvoiceRecordCard.swift; sourceTree = "<group>"; };
		9E4B050725A77A8A0071C1C3 /* InvoiceListDisplay.swift */ = {isa = PBXFileReference; lastKnownFileType = sourcecode.swift; path = InvoiceListDisplay.swift; sourceTree = "<group>"; };
/* End PBXFileReference section */

/* Begin PBXFrameworksBuildPhase section */
		9E4B04BF25A739D20071C1C3 /* Frameworks */ = {
			isa = PBXFrameworksBuildPhase;
			buildActionMask = 2147483647;
			files = (
			);
			runOnlyForDeploymentPostprocessing = 0;
		};
		9E4B04C725A739D20071C1C3 /* Frameworks */ = {
			isa = PBXFrameworksBuildPhase;
			buildActionMask = 2147483647;
			files = (
			);
			runOnlyForDeploymentPostprocessing = 0;
		};
/* End PBXFrameworksBuildPhase section */

/* Begin PBXGroup section */
		9E4B04B525A739D10071C1C3 = {
			isa = PBXGroup;
			children = (
				9E4B04BA25A739D10071C1C3 /* Shared */,
				9E4B04C425A739D20071C1C3 /* iOS */,
				9E4B04CB25A739D20071C1C3 /* macOS */,
				9E4B04C325A739D20071C1C3 /* Products */,
			);
			sourceTree = "<group>";
		};
		9E4B04BA25A739D10071C1C3 /* Shared */ = {
			isa = PBXGroup;
			children = (
				9E4B04F425A76BE00071C1C3 /* Components */,
				9E4B04E725A768AC0071C1C3 /* Pages */,
				9E4B04DE25A73B7F0071C1C3 /* Extensions */,
				9E4B04BB25A739D10071C1C3 /* paydeyApp.swift */,
				9E4B04BC25A739D10071C1C3 /* IndexPage.swift */,
				9E4B04BD25A739D20071C1C3 /* Assets.xcassets */,
			);
			path = Shared;
			sourceTree = "<group>";
		};
		9E4B04C325A739D20071C1C3 /* Products */ = {
			isa = PBXGroup;
			children = (
				9E4B04C225A739D20071C1C3 /* paydey.app */,
				9E4B04CA25A739D20071C1C3 /* paydey.app */,
			);
			name = Products;
			sourceTree = "<group>";
		};
		9E4B04C425A739D20071C1C3 /* iOS */ = {
			isa = PBXGroup;
			children = (
				9E4B04C525A739D20071C1C3 /* Info.plist */,
			);
			path = iOS;
			sourceTree = "<group>";
		};
		9E4B04CB25A739D20071C1C3 /* macOS */ = {
			isa = PBXGroup;
			children = (
				9E4B04CC25A739D20071C1C3 /* Info.plist */,
				9E4B04CD25A739D20071C1C3 /* macOS.entitlements */,
			);
			path = macOS;
			sourceTree = "<group>";
		};
		9E4B04DE25A73B7F0071C1C3 /* Extensions */ = {
			isa = PBXGroup;
			children = (
				9E4B04DF25A73B900071C1C3 /* Color.Ext.swift */,
			);
			path = Extensions;
			sourceTree = "<group>";
		};
		9E4B04E725A768AC0071C1C3 /* Pages */ = {
			isa = PBXGroup;
			children = (
				9E4B04F025A768D40071C1C3 /* SplashScreen.swift */,
				9E4B04FB25A773F90071C1C3 /* LandingPage.swift */,
			);
			path = Pages;
			sourceTree = "<group>";
		};
		9E4B04F425A76BE00071C1C3 /* Components */ = {
			isa = PBXGroup;
			children = (
				9E4B04F525A76C000071C1C3 /* FloatingBottomNav.swift */,
				9E4B04FF25A7754D0071C1C3 /* TransparentCard.swift */,
				9E4B050325A776E90071C1C3 /* InvoiceRecordCard.swift */,
				9E4B050725A77A8A0071C1C3 /* InvoiceListDisplay.swift */,
			);
			path = Components;
			sourceTree = "<group>";
		};
/* End PBXGroup section */

/* Begin PBXNativeTarget section */
		9E4B04C125A739D20071C1C3 /* paydey (iOS) */ = {
			isa = PBXNativeTarget;
			buildConfigurationList = 9E4B04D625A739D20071C1C3 /* Build configuration list for PBXNativeTarget "paydey (iOS)" */;
			buildPhases = (
				9E4B04BE25A739D20071C1C3 /* Sources */,
				9E4B04BF25A739D20071C1C3 /* Frameworks */,
				9E4B04C025A739D20071C1C3 /* Resources */,
			);
			buildRules = (
			);
			dependencies = (
			);
			name = "paydey (iOS)";
			productName = "paydey (iOS)";
			productReference = 9E4B04C225A739D20071C1C3 /* paydey.app */;
			productType = "com.apple.product-type.application";
		};
		9E4B04C925A739D20071C1C3 /* paydey (macOS) */ = {
			isa = PBXNativeTarget;
			buildConfigurationList = 9E4B04D925A739D20071C1C3 /* Build configuration list for PBXNativeTarget "paydey (macOS)" */;
			buildPhases = (
				9E4B04C625A739D20071C1C3 /* Sources */,
				9E4B04C725A739D20071C1C3 /* Frameworks */,
				9E4B04C825A739D20071C1C3 /* Resources */,
			);
			buildRules = (
			);
			dependencies = (
			);
			name = "paydey (macOS)";
			productName = "paydey (macOS)";
			productReference = 9E4B04CA25A739D20071C1C3 /* paydey.app */;
			productType = "com.apple.product-type.application";
		};
/* End PBXNativeTarget section */

/* Begin PBXProject section */
		9E4B04B625A739D10071C1C3 /* Project object */ = {
			isa = PBXProject;
			attributes = {
				LastSwiftUpdateCheck = 1220;
				LastUpgradeCheck = 1220;
				TargetAttributes = {
					9E4B04C125A739D20071C1C3 = {
						CreatedOnToolsVersion = 12.2;
					};
					9E4B04C925A739D20071C1C3 = {
						CreatedOnToolsVersion = 12.2;
					};
				};
			};
			buildConfigurationList = 9E4B04B925A739D10071C1C3 /* Build configuration list for PBXProject "paydey" */;
			compatibilityVersion = "Xcode 9.3";
			developmentRegion = en;
			hasScannedForEncodings = 0;
			knownRegions = (
				en,
				Base,
			);
			mainGroup = 9E4B04B525A739D10071C1C3;
			productRefGroup = 9E4B04C325A739D20071C1C3 /* Products */;
			projectDirPath = "";
			projectRoot = "";
			targets = (
				9E4B04C125A739D20071C1C3 /* paydey (iOS) */,
				9E4B04C925A739D20071C1C3 /* paydey (macOS) */,
			);
		};
/* End PBXProject section */

/* Begin PBXResourcesBuildPhase section */
		9E4B04C025A739D20071C1C3 /* Resources */ = {
			isa = PBXResourcesBuildPhase;
			buildActionMask = 2147483647;
			files = (
				9E4B04D225A739D20071C1C3 /* Assets.xcassets in Resources */,
			);
			runOnlyForDeploymentPostprocessing = 0;
		};
		9E4B04C825A739D20071C1C3 /* Resources */ = {
			isa = PBXResourcesBuildPhase;
			buildActionMask = 2147483647;
			files = (
				9E4B04D325A739D20071C1C3 /* Assets.xcassets in Resources */,
			);
			runOnlyForDeploymentPostprocessing = 0;
		};
/* End PBXResourcesBuildPhase section */

/* Begin PBXSourcesBuildPhase section */
		9E4B04BE25A739D20071C1C3 /* Sources */ = {
			isa = PBXSourcesBuildPhase;
			buildActionMask = 2147483647;
			files = (
				9E4B050825A77A8A0071C1C3 /* InvoiceListDisplay.swift in Sources */,
				9E4B050425A776E90071C1C3 /* InvoiceRecordCard.swift in Sources */,
				9E4B04F125A768D40071C1C3 /* SplashScreen.swift in Sources */,
				9E4B04D025A739D20071C1C3 /* IndexPage.swift in Sources */,
				9E4B04FC25A773F90071C1C3 /* LandingPage.swift in Sources */,
				9E4B04E025A73B900071C1C3 /* Color.Ext.swift in Sources */,
				9E4B04CE25A739D20071C1C3 /* paydeyApp.swift in Sources */,
				9E4B04F625A76C000071C1C3 /* FloatingBottomNav.swift in Sources */,
				9E4B050025A7754D0071C1C3 /* TransparentCard.swift in Sources */,
			);
			runOnlyForDeploymentPostprocessing = 0;
		};
		9E4B04C625A739D20071C1C3 /* Sources */ = {
			isa = PBXSourcesBuildPhase;
			buildActionMask = 2147483647;
			files = (
				9E4B04D125A739D20071C1C3 /* IndexPage.swift in Sources */,
				9E4B04CF25A739D20071C1C3 /* paydeyApp.swift in Sources */,
			);
			runOnlyForDeploymentPostprocessing = 0;
		};
/* End PBXSourcesBuildPhase section */

/* Begin XCBuildConfiguration section */
		9E4B04D425A739D20071C1C3 /* Debug */ = {
			isa = XCBuildConfiguration;
			buildSettings = {
				ALWAYS_SEARCH_USER_PATHS = NO;
				CLANG_ANALYZER_NONNULL = YES;
				CLANG_ANALYZER_NUMBER_OBJECT_CONVERSION = YES_AGGRESSIVE;
				CLANG_CXX_LANGUAGE_STANDARD = "gnu++14";
				CLANG_CXX_LIBRARY = "libc++";
				CLANG_ENABLE_MODULES = YES;
				CLANG_ENABLE_OBJC_ARC = YES;
				CLANG_ENABLE_OBJC_WEAK = YES;
				CLANG_WARN_BLOCK_CAPTURE_AUTORELEASING = YES;
				CLANG_WARN_BOOL_CONVERSION = YES;
				CLANG_WARN_COMMA = YES;
				CLANG_WARN_CONSTANT_CONVERSION = YES;
				CLANG_WARN_DEPRECATED_OBJC_IMPLEMENTATIONS = YES;
				CLANG_WARN_DIRECT_OBJC_ISA_USAGE = YES_ERROR;
				CLANG_WARN_DOCUMENTATION_COMMENTS = YES;
				CLANG_WARN_EMPTY_BODY = YES;
				CLANG_WARN_ENUM_CONVERSION = YES;
				CLANG_WARN_INFINITE_RECURSION = YES;
				CLANG_WARN_INT_CONVERSION = YES;
				CLANG_WARN_NON_LITERAL_NULL_CONVERSION = YES;
				CLANG_WARN_OBJC_IMPLICIT_RETAIN_SELF = YES;
				CLANG_WARN_OBJC_LITERAL_CONVERSION = YES;
				CLANG_WARN_OBJC_ROOT_CLASS = YES_ERROR;
				CLANG_WARN_QUOTED_INCLUDE_IN_FRAMEWORK_HEADER = YES;
				CLANG_WARN_RANGE_LOOP_ANALYSIS = YES;
				CLANG_WARN_STRICT_PROTOTYPES = YES;
				CLANG_WARN_SUSPICIOUS_MOVE = YES;
				CLANG_WARN_UNGUARDED_AVAILABILITY = YES_AGGRESSIVE;
				CLANG_WARN_UNREACHABLE_CODE = YES;
				CLANG_WARN__DUPLICATE_METHOD_MATCH = YES;
				COPY_PHASE_STRIP = NO;
				DEBUG_INFORMATION_FORMAT = dwarf;
				ENABLE_STRICT_OBJC_MSGSEND = YES;
				ENABLE_TESTABILITY = YES;
				GCC_C_LANGUAGE_STANDARD = gnu11;
				GCC_DYNAMIC_NO_PIC = NO;
				GCC_NO_COMMON_BLOCKS = YES;
				GCC_OPTIMIZATION_LEVEL = 0;
				GCC_PREPROCESSOR_DEFINITIONS = (
					"DEBUG=1",
					"$(inherited)",
				);
				GCC_WARN_64_TO_32_BIT_CONVERSION = YES;
				GCC_WARN_ABOUT_RETURN_TYPE = YES_ERROR;
				GCC_WARN_UNDECLARED_SELECTOR = YES;
				GCC_WARN_UNINITIALIZED_AUTOS = YES_AGGRESSIVE;
				GCC_WARN_UNUSED_FUNCTION = YES;
				GCC_WARN_UNUSED_VARIABLE = YES;
				MTL_ENABLE_DEBUG_INFO = INCLUDE_SOURCE;
				MTL_FAST_MATH = YES;
				ONLY_ACTIVE_ARCH = YES;
				SWIFT_ACTIVE_COMPILATION_CONDITIONS = DEBUG;
				SWIFT_OPTIMIZATION_LEVEL = "-Onone";
			};
			name = Debug;
		};
		9E4B04D525A739D20071C1C3 /* Release */ = {
			isa = XCBuildConfiguration;
			buildSettings = {
				ALWAYS_SEARCH_USER_PATHS = NO;
				CLANG_ANALYZER_NONNULL = YES;
				CLANG_ANALYZER_NUMBER_OBJECT_CONVERSION = YES_AGGRESSIVE;
				CLANG_CXX_LANGUAGE_STANDARD = "gnu++14";
				CLANG_CXX_LIBRARY = "libc++";
				CLANG_ENABLE_MODULES = YES;
				CLANG_ENABLE_OBJC_ARC = YES;
				CLANG_ENABLE_OBJC_WEAK = YES;
				CLANG_WARN_BLOCK_CAPTURE_AUTORELEASING = YES;
				CLANG_WARN_BOOL_CONVERSION = YES;
				CLANG_WARN_COMMA = YES;
				CLANG_WARN_CONSTANT_CONVERSION = YES;
				CLANG_WARN_DEPRECATED_OBJC_IMPLEMENTATIONS = YES;
				CLANG_WARN_DIRECT_OBJC_ISA_USAGE = YES_ERROR;
				CLANG_WARN_DOCUMENTATION_COMMENTS = YES;
				CLANG_WARN_EMPTY_BODY = YES;
				CLANG_WARN_ENUM_CONVERSION = YES;
				CLANG_WARN_INFINITE_RECURSION = YES;
				CLANG_WARN_INT_CONVERSION = YES;
				CLANG_WARN_NON_LITERAL_NULL_CONVERSION = YES;
				CLANG_WARN_OBJC_IMPLICIT_RETAIN_SELF = YES;
				CLANG_WARN_OBJC_LITERAL_CONVERSION = YES;
				CLANG_WARN_OBJC_ROOT_CLASS = YES_ERROR;
				CLANG_WARN_QUOTED_INCLUDE_IN_FRAMEWORK_HEADER = YES;
				CLANG_WARN_RANGE_LOOP_ANALYSIS = YES;
				CLANG_WARN_STRICT_PROTOTYPES = YES;
				CLANG_WARN_SUSPICIOUS_MOVE = YES;
				CLANG_WARN_UNGUARDED_AVAILABILITY = YES_AGGRESSIVE;
				CLANG_WARN_UNREACHABLE_CODE = YES;
				CLANG_WARN__DUPLICATE_METHOD_MATCH = YES;
				COPY_PHASE_STRIP = NO;
				DEBUG_INFORMATION_FORMAT = "dwarf-with-dsym";
				ENABLE_NS_ASSERTIONS = NO;
				ENABLE_STRICT_OBJC_MSGSEND = YES;
				GCC_C_LANGUAGE_STANDARD = gnu11;
				GCC_NO_COMMON_BLOCKS = YES;
				GCC_WARN_64_TO_32_BIT_CONVERSION = YES;
				GCC_WARN_ABOUT_RETURN_TYPE = YES_ERROR;
				GCC_WARN_UNDECLARED_SELECTOR = YES;
				GCC_WARN_UNINITIALIZED_AUTOS = YES_AGGRESSIVE;
				GCC_WARN_UNUSED_FUNCTION = YES;
				GCC_WARN_UNUSED_VARIABLE = YES;
				MTL_ENABLE_DEBUG_INFO = NO;
				MTL_FAST_MATH = YES;
				SWIFT_COMPILATION_MODE = wholemodule;
				SWIFT_OPTIMIZATION_LEVEL = "-O";
			};
			name = Release;
		};
		9E4B04D725A739D20071C1C3 /* Debug */ = {
			isa = XCBuildConfiguration;
			buildSettings = {
				ASSETCATALOG_COMPILER_APPICON_NAME = AppIcon;
				ASSETCATALOG_COMPILER_GLOBAL_ACCENT_COLOR_NAME = AccentColor;
				CODE_SIGN_STYLE = Automatic;
				ENABLE_PREVIEWS = YES;
				INFOPLIST_FILE = iOS/Info.plist;
				IPHONEOS_DEPLOYMENT_TARGET = 14.0;
				LD_RUNPATH_SEARCH_PATHS = (
					"$(inherited)",
					"@executable_path/Frameworks",
				);
				PRODUCT_BUNDLE_IDENTIFIER = com.pongo.paydey;
				PRODUCT_NAME = paydey;
				SDKROOT = iphoneos;
				SWIFT_VERSION = 5.0;
				TARGETED_DEVICE_FAMILY = "1,2";
			};
			name = Debug;
		};
		9E4B04D825A739D20071C1C3 /* Release */ = {
			isa = XCBuildConfiguration;
			buildSettings = {
				ASSETCATALOG_COMPILER_APPICON_NAME = AppIcon;
				ASSETCATALOG_COMPILER_GLOBAL_ACCENT_COLOR_NAME = AccentColor;
				CODE_SIGN_STYLE = Automatic;
				ENABLE_PREVIEWS = YES;
				INFOPLIST_FILE = iOS/Info.plist;
				IPHONEOS_DEPLOYMENT_TARGET = 14.0;
				LD_RUNPATH_SEARCH_PATHS = (
					"$(inherited)",
					"@executable_path/Frameworks",
				);
				PRODUCT_BUNDLE_IDENTIFIER = com.pongo.paydey;
				PRODUCT_NAME = paydey;
				SDKROOT = iphoneos;
				SWIFT_VERSION = 5.0;
				TARGETED_DEVICE_FAMILY = "1,2";
				VALIDATE_PRODUCT = YES;
			};
			name = Release;
		};
		9E4B04DA25A739D20071C1C3 /* Debug */ = {
			isa = XCBuildConfiguration;
			buildSettings = {
				ASSETCATALOG_COMPILER_APPICON_NAME = AppIcon;
				ASSETCATALOG_COMPILER_GLOBAL_ACCENT_COLOR_NAME = AccentColor;
				CODE_SIGN_ENTITLEMENTS = macOS/macOS.entitlements;
				CODE_SIGN_STYLE = Automatic;
				COMBINE_HIDPI_IMAGES = YES;
				ENABLE_PREVIEWS = YES;
				INFOPLIST_FILE = macOS/Info.plist;
				LD_RUNPATH_SEARCH_PATHS = (
					"$(inherited)",
					"@executable_path/../Frameworks",
				);
				MACOSX_DEPLOYMENT_TARGET = 11.0;
				PRODUCT_BUNDLE_IDENTIFIER = com.pongo.paydey;
				PRODUCT_NAME = paydey;
				SDKROOT = macosx;
				SWIFT_VERSION = 5.0;
			};
			name = Debug;
		};
		9E4B04DB25A739D20071C1C3 /* Release */ = {
			isa = XCBuildConfiguration;
			buildSettings = {
				ASSETCATALOG_COMPILER_APPICON_NAME = AppIcon;
				ASSETCATALOG_COMPILER_GLOBAL_ACCENT_COLOR_NAME = AccentColor;
				CODE_SIGN_ENTITLEMENTS = macOS/macOS.entitlements;
				CODE_SIGN_STYLE = Automatic;
				COMBINE_HIDPI_IMAGES = YES;
				ENABLE_PREVIEWS = YES;
				INFOPLIST_FILE = macOS/Info.plist;
				LD_RUNPATH_SEARCH_PATHS = (
					"$(inherited)",
					"@executable_path/../Frameworks",
				);
				MACOSX_DEPLOYMENT_TARGET = 11.0;
				PRODUCT_BUNDLE_IDENTIFIER = com.pongo.paydey;
				PRODUCT_NAME = paydey;
				SDKROOT = macosx;
				SWIFT_VERSION = 5.0;
			};
			name = Release;
		};
/* End XCBuildConfiguration section */

/* Begin XCConfigurationList section */
		9E4B04B925A739D10071C1C3 /* Build configuration list for PBXProject "paydey" */ = {
			isa = XCConfigurationList;
			buildConfigurations = (
				9E4B04D425A739D20071C1C3 /* Debug */,
				9E4B04D525A739D20071C1C3 /* Release */,
			);
			defaultConfigurationIsVisible = 0;
			defaultConfigurationName = Release;
		};
		9E4B04D625A739D20071C1C3 /* Build configuration list for PBXNativeTarget "paydey (iOS)" */ = {
			isa = XCConfigurationList;
			buildConfigurations = (
				9E4B04D725A739D20071C1C3 /* Debug */,
				9E4B04D825A739D20071C1C3 /* Release */,
			);
			defaultConfigurationIsVisible = 0;
			defaultConfigurationName = Release;
		};
		9E4B04D925A739D20071C1C3 /* Build configuration list for PBXNativeTarget "paydey (macOS)" */ = {
			isa = XCConfigurationList;
			buildConfigurations = (
				9E4B04DA25A739D20071C1C3 /* Debug */,
				9E4B04DB25A739D20071C1C3 /* Release */,
			);
			defaultConfigurationIsVisible = 0;
			defaultConfigurationName = Release;
		};
/* End XCConfigurationList section */
	};
	rootObject = 9E4B04B625A739D10071C1C3 /* Project object */;
}
